// !$*UTF8*$!
{
	archiveVersion = 1;
	classes = {
	};
	objectVersion = 56;
	objects = {

/* Begin PBXBuildFile section */
		5411C09F2A979CF500A86A6A /* UIColor+Extensions.swift in Sources */ = {isa = PBXBuildFile; fileRef = 5411C09E2A979CF500A86A6A /* UIColor+Extensions.swift */; };
		5411C0A32A979F1600A86A6A /* AboutViewController.swift in Sources */ = {isa = PBXBuildFile; fileRef = 5411C0A22A979F1600A86A6A /* AboutViewController.swift */; };
		5411C0AC2A97A6F200A86A6A /* SnapKit in Frameworks */ = {isa = PBXBuildFile; productRef = 5411C0AB2A97A6F200A86A6A /* SnapKit */; };
		5411C0AE2A97B85100A86A6A /* CharacterCollectionViewCell.swift in Sources */ = {isa = PBXBuildFile; fileRef = 5411C0AD2A97B85100A86A6A /* CharacterCollectionViewCell.swift */; };
		5427D6AF2A98BAD200BD83E5 /* SDWebImage in Frameworks */ = {isa = PBXBuildFile; productRef = 5427D6AE2A98BAD200BD83E5 /* SDWebImage */; };
		543164F12A98FA12002215D5 /* CharactersViewModel.swift in Sources */ = {isa = PBXBuildFile; fileRef = 543164F02A98FA12002215D5 /* CharactersViewModel.swift */; };
		548BFBFD2A9F53B5006734BF /* Strings.swift in Sources */ = {isa = PBXBuildFile; fileRef = 548BFBFC2A9F53B5006734BF /* Strings.swift */; };
		548BFBFF2A9F651E006734BF /* NetworkManager.swift in Sources */ = {isa = PBXBuildFile; fileRef = 548BFBFE2A9F651E006734BF /* NetworkManager.swift */; };
		548BFC112AA0A37D006734BF /* NoResultCollectionViewCell.swift in Sources */ = {isa = PBXBuildFile; fileRef = 548BFC102AA0A37D006734BF /* NoResultCollectionViewCell.swift */; };
		54AB64FC2AA0E8210086C269 /* Images.swift in Sources */ = {isa = PBXBuildFile; fileRef = 54AB64FB2AA0E8210086C269 /* Images.swift */; };
		54AB64FE2AA0EB5C0086C269 /* Colors.swift in Sources */ = {isa = PBXBuildFile; fileRef = 54AB64FD2AA0EB5C0086C269 /* Colors.swift */; };
		54AB65012AA0F3250086C269 /* Localizable.strings in Resources */ = {isa = PBXBuildFile; fileRef = 54AB65032AA0F3250086C269 /* Localizable.strings */; };
		54ABFA292A97622C00A29A83 /* AppDelegate.swift in Sources */ = {isa = PBXBuildFile; fileRef = 54ABFA282A97622C00A29A83 /* AppDelegate.swift */; };
		54ABFA2B2A97622C00A29A83 /* SceneDelegate.swift in Sources */ = {isa = PBXBuildFile; fileRef = 54ABFA2A2A97622C00A29A83 /* SceneDelegate.swift */; };
		54ABFA2D2A97622C00A29A83 /* MainViewController.swift in Sources */ = {isa = PBXBuildFile; fileRef = 54ABFA2C2A97622C00A29A83 /* MainViewController.swift */; };
		54ABFA322A97622D00A29A83 /* Assets.xcassets in Resources */ = {isa = PBXBuildFile; fileRef = 54ABFA312A97622D00A29A83 /* Assets.xcassets */; };
		54ABFA352A97622D00A29A83 /* LaunchScreen.storyboard in Resources */ = {isa = PBXBuildFile; fileRef = 54ABFA332A97622D00A29A83 /* LaunchScreen.storyboard */; };
		54ABFA3D2A97635100A29A83 /* APIResponse.swift in Sources */ = {isa = PBXBuildFile; fileRef = 54ABFA3C2A97635100A29A83 /* APIResponse.swift */; };
		54ABFA3F2A977D2400A29A83 /* CharactersViewController.swift in Sources */ = {isa = PBXBuildFile; fileRef = 54ABFA3E2A977D2400A29A83 /* CharactersViewController.swift */; };
		54B4C76F2A98DE9600E91732 /* CharacterViewController.swift in Sources */ = {isa = PBXBuildFile; fileRef = 54B4C76E2A98DE9600E91732 /* CharacterViewController.swift */; };
		54E90E8C2A9CBEC300836E70 /* DetailView.swift in Sources */ = {isa = PBXBuildFile; fileRef = 54E90E8B2A9CBEC300836E70 /* DetailView.swift */; };
		54E90E8F2A9CD86700836E70 /* ClickableLabel.swift in Sources */ = {isa = PBXBuildFile; fileRef = 54E90E8E2A9CD86700836E70 /* ClickableLabel.swift */; };
		54EFFA022AA1F13400FEEB07 /* NetworkManagerProtocol.swift in Sources */ = {isa = PBXBuildFile; fileRef = 54EFFA012AA1F13400FEEB07 /* NetworkManagerProtocol.swift */; };
		54EFFA042AA1F1EB00FEEB07 /* Requests.swift in Sources */ = {isa = PBXBuildFile; fileRef = 54EFFA032AA1F1EB00FEEB07 /* Requests.swift */; };
/* End PBXBuildFile section */

/* Begin PBXFileReference section */
		5411C09E2A979CF500A86A6A /* UIColor+Extensions.swift */ = {isa = PBXFileReference; lastKnownFileType = sourcecode.swift; path = "UIColor+Extensions.swift"; sourceTree = "<group>"; };
		5411C0A22A979F1600A86A6A /* AboutViewController.swift */ = {isa = PBXFileReference; lastKnownFileType = sourcecode.swift; path = AboutViewController.swift; sourceTree = "<group>"; };
		5411C0AD2A97B85100A86A6A /* CharacterCollectionViewCell.swift */ = {isa = PBXFileReference; lastKnownFileType = sourcecode.swift; path = CharacterCollectionViewCell.swift; sourceTree = "<group>"; };
		543164F02A98FA12002215D5 /* CharactersViewModel.swift */ = {isa = PBXFileReference; lastKnownFileType = sourcecode.swift; path = CharactersViewModel.swift; sourceTree = "<group>"; };
		548BFBFC2A9F53B5006734BF /* Strings.swift */ = {isa = PBXFileReference; lastKnownFileType = sourcecode.swift; path = Strings.swift; sourceTree = "<group>"; };
		548BFBFE2A9F651E006734BF /* NetworkManager.swift */ = {isa = PBXFileReference; lastKnownFileType = sourcecode.swift; path = NetworkManager.swift; sourceTree = "<group>"; };
		548BFC102AA0A37D006734BF /* NoResultCollectionViewCell.swift */ = {isa = PBXFileReference; lastKnownFileType = sourcecode.swift; path = NoResultCollectionViewCell.swift; sourceTree = "<group>"; };
		54AB64FB2AA0E8210086C269 /* Images.swift */ = {isa = PBXFileReference; lastKnownFileType = sourcecode.swift; path = Images.swift; sourceTree = "<group>"; };
		54AB64FD2AA0EB5C0086C269 /* Colors.swift */ = {isa = PBXFileReference; lastKnownFileType = sourcecode.swift; path = Colors.swift; sourceTree = "<group>"; };
		54AB65022AA0F3250086C269 /* en */ = {isa = PBXFileReference; lastKnownFileType = text.plist.strings; name = en; path = en.lproj/Localizable.strings; sourceTree = "<group>"; };
		54AB65042AA0F3310086C269 /* pt-PT */ = {isa = PBXFileReference; lastKnownFileType = text.plist.strings; name = "pt-PT"; path = "pt-PT.lproj/Localizable.strings"; sourceTree = "<group>"; };
		54AB65052AA0F33E0086C269 /* es */ = {isa = PBXFileReference; lastKnownFileType = text.plist.strings; name = es; path = es.lproj/Localizable.strings; sourceTree = "<group>"; };
		54ABFA252A97622C00A29A83 /* rick-and-morty-api.app */ = {isa = PBXFileReference; explicitFileType = wrapper.application; includeInIndex = 0; path = "rick-and-morty-api.app"; sourceTree = BUILT_PRODUCTS_DIR; };
		54ABFA282A97622C00A29A83 /* AppDelegate.swift */ = {isa = PBXFileReference; lastKnownFileType = sourcecode.swift; path = AppDelegate.swift; sourceTree = "<group>"; };
		54ABFA2A2A97622C00A29A83 /* SceneDelegate.swift */ = {isa = PBXFileReference; lastKnownFileType = sourcecode.swift; path = SceneDelegate.swift; sourceTree = "<group>"; };
		54ABFA2C2A97622C00A29A83 /* MainViewController.swift */ = {isa = PBXFileReference; lastKnownFileType = sourcecode.swift; path = MainViewController.swift; sourceTree = "<group>"; };
		54ABFA312A97622D00A29A83 /* Assets.xcassets */ = {isa = PBXFileReference; lastKnownFileType = folder.assetcatalog; path = Assets.xcassets; sourceTree = "<group>"; };
		54ABFA342A97622D00A29A83 /* Base */ = {isa = PBXFileReference; lastKnownFileType = file.storyboard; name = Base; path = Base.lproj/LaunchScreen.storyboard; sourceTree = "<group>"; };
		54ABFA362A97622D00A29A83 /* Info.plist */ = {isa = PBXFileReference; lastKnownFileType = text.plist.xml; path = Info.plist; sourceTree = "<group>"; };
		54ABFA3C2A97635100A29A83 /* APIResponse.swift */ = {isa = PBXFileReference; lastKnownFileType = sourcecode.swift; path = APIResponse.swift; sourceTree = "<group>"; };
		54ABFA3E2A977D2400A29A83 /* CharactersViewController.swift */ = {isa = PBXFileReference; lastKnownFileType = sourcecode.swift; path = CharactersViewController.swift; sourceTree = "<group>"; };
		54B4C76E2A98DE9600E91732 /* CharacterViewController.swift */ = {isa = PBXFileReference; lastKnownFileType = sourcecode.swift; path = CharacterViewController.swift; sourceTree = "<group>"; };
		54E90E8B2A9CBEC300836E70 /* DetailView.swift */ = {isa = PBXFileReference; lastKnownFileType = sourcecode.swift; path = DetailView.swift; sourceTree = "<group>"; };
		54E90E8E2A9CD86700836E70 /* ClickableLabel.swift */ = {isa = PBXFileReference; lastKnownFileType = sourcecode.swift; path = ClickableLabel.swift; sourceTree = "<group>"; };
		54EFFA012AA1F13400FEEB07 /* NetworkManagerProtocol.swift */ = {isa = PBXFileReference; lastKnownFileType = sourcecode.swift; path = NetworkManagerProtocol.swift; sourceTree = "<group>"; };
		54EFFA032AA1F1EB00FEEB07 /* Requests.swift */ = {isa = PBXFileReference; lastKnownFileType = sourcecode.swift; path = Requests.swift; sourceTree = "<group>"; };
/* End PBXFileReference section */

/* Begin PBXFrameworksBuildPhase section */
		54ABFA222A97622C00A29A83 /* Frameworks */ = {
			isa = PBXFrameworksBuildPhase;
			buildActionMask = 2147483647;
			files = (
				5427D6AF2A98BAD200BD83E5 /* SDWebImage in Frameworks */,
				5411C0AC2A97A6F200A86A6A /* SnapKit in Frameworks */,
			);
			runOnlyForDeploymentPostprocessing = 0;
		};
/* End PBXFrameworksBuildPhase section */

/* Begin PBXGroup section */
		5411C0A42A97A28300A86A6A /* Support */ = {
			isa = PBXGroup;
			children = (
				54ABFA312A97622D00A29A83 /* Assets.xcassets */,
				54ABFA332A97622D00A29A83 /* LaunchScreen.storyboard */,
				548BFBFC2A9F53B5006734BF /* Strings.swift */,
				54AB64FB2AA0E8210086C269 /* Images.swift */,
				54AB64FD2AA0EB5C0086C269 /* Colors.swift */,
				54AB65032AA0F3250086C269 /* Localizable.strings */,
			);
			path = Support;
			sourceTree = "<group>";
		};
		5411C0A52A97A2EF00A86A6A /* Screens */ = {
			isa = PBXGroup;
			children = (
				5411C0A72A97A61B00A86A6A /* Main View */,
				5411C0A82A97A62200A86A6A /* About View */,
				5411C0A92A97A63200A86A6A /* Characters */,
				543164EF2A98F8B9002215D5 /* Character */,
			);
			path = Screens;
			sourceTree = "<group>";
		};
		5411C0A62A97A49500A86A6A /* Extensions */ = {
			isa = PBXGroup;
			children = (
				5411C09E2A979CF500A86A6A /* UIColor+Extensions.swift */,
			);
			path = Extensions;
			sourceTree = "<group>";
		};
		5411C0A72A97A61B00A86A6A /* Main View */ = {
			isa = PBXGroup;
			children = (
				54ABFA2C2A97622C00A29A83 /* MainViewController.swift */,
			);
			path = "Main View";
			sourceTree = "<group>";
		};
		5411C0A82A97A62200A86A6A /* About View */ = {
			isa = PBXGroup;
			children = (
				5411C0A22A979F1600A86A6A /* AboutViewController.swift */,
				54E90E8E2A9CD86700836E70 /* ClickableLabel.swift */,
			);
			path = "About View";
			sourceTree = "<group>";
		};
		5411C0A92A97A63200A86A6A /* Characters */ = {
			isa = PBXGroup;
			children = (
				54ABFA3E2A977D2400A29A83 /* CharactersViewController.swift */,
				543164F02A98FA12002215D5 /* CharactersViewModel.swift */,
				548BFC0F2AA0A36D006734BF /* Cells */,
			);
			path = Characters;
			sourceTree = "<group>";
		};
		543164EF2A98F8B9002215D5 /* Character */ = {
			isa = PBXGroup;
			children = (
				54B4C76E2A98DE9600E91732 /* CharacterViewController.swift */,
				54E90E8B2A9CBEC300836E70 /* DetailView.swift */,
			);
			path = Character;
			sourceTree = "<group>";
		};
		548BFC0F2AA0A36D006734BF /* Cells */ = {
			isa = PBXGroup;
			children = (
				5411C0AD2A97B85100A86A6A /* CharacterCollectionViewCell.swift */,
				548BFC102AA0A37D006734BF /* NoResultCollectionViewCell.swift */,
			);
			path = Cells;
			sourceTree = "<group>";
		};
		54ABFA1C2A97622C00A29A83 = {
			isa = PBXGroup;
			children = (
				54ABFA272A97622C00A29A83 /* rick-and-morty-api */,
				54ABFA262A97622C00A29A83 /* Products */,
			);
			sourceTree = "<group>";
		};
		54ABFA262A97622C00A29A83 /* Products */ = {
			isa = PBXGroup;
			children = (
				54ABFA252A97622C00A29A83 /* rick-and-morty-api.app */,
			);
			name = Products;
			sourceTree = "<group>";
		};
		54ABFA272A97622C00A29A83 /* rick-and-morty-api */ = {
			isa = PBXGroup;
			children = (
				5411C0A52A97A2EF00A86A6A /* Screens */,
				5411C0A62A97A49500A86A6A /* Extensions */,
				54E90E8D2A9CCCD200836E70 /* Network */,
				54ABFA282A97622C00A29A83 /* AppDelegate.swift */,
				54ABFA2A2A97622C00A29A83 /* SceneDelegate.swift */,
				5411C0A42A97A28300A86A6A /* Support */,
				54ABFA362A97622D00A29A83 /* Info.plist */,
			);
			path = "rick-and-morty-api";
			sourceTree = "<group>";
		};
		54E90E8D2A9CCCD200836E70 /* Network */ = {
			isa = PBXGroup;
			children = (
				54ABFA3C2A97635100A29A83 /* APIResponse.swift */,
				548BFBFE2A9F651E006734BF /* NetworkManager.swift */,
				54EFFA012AA1F13400FEEB07 /* NetworkManagerProtocol.swift */,
				54EFFA032AA1F1EB00FEEB07 /* Requests.swift */,
			);
			path = Network;
			sourceTree = "<group>";
		};
/* End PBXGroup section */

/* Begin PBXNativeTarget section */
		54ABFA242A97622C00A29A83 /* rick-and-morty-api */ = {
			isa = PBXNativeTarget;
			buildConfigurationList = 54ABFA392A97622D00A29A83 /* Build configuration list for PBXNativeTarget "rick-and-morty-api" */;
			buildPhases = (
				54ABFA212A97622C00A29A83 /* Sources */,
				54ABFA222A97622C00A29A83 /* Frameworks */,
				54ABFA232A97622C00A29A83 /* Resources */,
			);
			buildRules = (
			);
			dependencies = (
			);
			name = "rick-and-morty-api";
			packageProductDependencies = (
				5411C0AB2A97A6F200A86A6A /* SnapKit */,
				5427D6AE2A98BAD200BD83E5 /* SDWebImage */,
			);
			productName = "rick-and-morty-api";
			productReference = 54ABFA252A97622C00A29A83 /* rick-and-morty-api.app */;
			productType = "com.apple.product-type.application";
		};
/* End PBXNativeTarget section */

/* Begin PBXProject section */
		54ABFA1D2A97622C00A29A83 /* Project object */ = {
			isa = PBXProject;
			attributes = {
				BuildIndependentTargetsInParallel = 1;
				LastSwiftUpdateCheck = 1420;
				LastUpgradeCheck = 1420;
				TargetAttributes = {
					54ABFA242A97622C00A29A83 = {
						CreatedOnToolsVersion = 14.2;
					};
				};
			};
			buildConfigurationList = 54ABFA202A97622C00A29A83 /* Build configuration list for PBXProject "rick-and-morty-api" */;
			compatibilityVersion = "Xcode 14.0";
			developmentRegion = en;
			hasScannedForEncodings = 0;
			knownRegions = (
				en,
				Base,
				"pt-PT",
				es,
			);
			mainGroup = 54ABFA1C2A97622C00A29A83;
			packageReferences = (
				5411C0AA2A97A6F200A86A6A /* XCRemoteSwiftPackageReference "SnapKit" */,
				5427D6AD2A98BAD200BD83E5 /* XCRemoteSwiftPackageReference "SDWebImage" */,
			);
			productRefGroup = 54ABFA262A97622C00A29A83 /* Products */;
			projectDirPath = "";
			projectRoot = "";
			targets = (
				54ABFA242A97622C00A29A83 /* rick-and-morty-api */,
			);
		};
/* End PBXProject section */

/* Begin PBXResourcesBuildPhase section */
		54ABFA232A97622C00A29A83 /* Resources */ = {
			isa = PBXResourcesBuildPhase;
			buildActionMask = 2147483647;
			files = (
				54ABFA352A97622D00A29A83 /* LaunchScreen.storyboard in Resources */,
				54AB65012AA0F3250086C269 /* Localizable.strings in Resources */,
				54ABFA322A97622D00A29A83 /* Assets.xcassets in Resources */,
			);
			runOnlyForDeploymentPostprocessing = 0;
		};
/* End PBXResourcesBuildPhase section */

/* Begin PBXSourcesBuildPhase section */
		54ABFA212A97622C00A29A83 /* Sources */ = {
			isa = PBXSourcesBuildPhase;
			buildActionMask = 2147483647;
			files = (
				543164F12A98FA12002215D5 /* CharactersViewModel.swift in Sources */,
				54B4C76F2A98DE9600E91732 /* CharacterViewController.swift in Sources */,
				54E90E8C2A9CBEC300836E70 /* DetailView.swift in Sources */,
				54AB64FE2AA0EB5C0086C269 /* Colors.swift in Sources */,
				5411C0AE2A97B85100A86A6A /* CharacterCollectionViewCell.swift in Sources */,
				54ABFA2D2A97622C00A29A83 /* MainViewController.swift in Sources */,
				548BFBFD2A9F53B5006734BF /* Strings.swift in Sources */,
				548BFC112AA0A37D006734BF /* NoResultCollectionViewCell.swift in Sources */,
				5411C09F2A979CF500A86A6A /* UIColor+Extensions.swift in Sources */,
				54ABFA3D2A97635100A29A83 /* APIResponse.swift in Sources */,
				54EFFA022AA1F13400FEEB07 /* NetworkManagerProtocol.swift in Sources */,
				5411C0A32A979F1600A86A6A /* AboutViewController.swift in Sources */,
				54EFFA042AA1F1EB00FEEB07 /* Requests.swift in Sources */,
				54E90E8F2A9CD86700836E70 /* ClickableLabel.swift in Sources */,
				54ABFA292A97622C00A29A83 /* AppDelegate.swift in Sources */,
				548BFBFF2A9F651E006734BF /* NetworkManager.swift in Sources */,
				54AB64FC2AA0E8210086C269 /* Images.swift in Sources */,
				54ABFA3F2A977D2400A29A83 /* CharactersViewController.swift in Sources */,
				54ABFA2B2A97622C00A29A83 /* SceneDelegate.swift in Sources */,
			);
			runOnlyForDeploymentPostprocessing = 0;
		};
/* End PBXSourcesBuildPhase section */

/* Begin PBXVariantGroup section */
		54AB65032AA0F3250086C269 /* Localizable.strings */ = {
			isa = PBXVariantGroup;
			children = (
				54AB65022AA0F3250086C269 /* en */,
				54AB65042AA0F3310086C269 /* pt-PT */,
				54AB65052AA0F33E0086C269 /* es */,
			);
			name = Localizable.strings;
			sourceTree = "<group>";
		};
		54ABFA332A97622D00A29A83 /* LaunchScreen.storyboard */ = {
			isa = PBXVariantGroup;
			children = (
				54ABFA342A97622D00A29A83 /* Base */,
			);
			name = LaunchScreen.storyboard;
			sourceTree = "<group>";
		};
/* End PBXVariantGroup section */

/* Begin XCBuildConfiguration section */
		54ABFA372A97622D00A29A83 /* Debug */ = {
			isa = XCBuildConfiguration;
			buildSettings = {
				ALWAYS_SEARCH_USER_PATHS = NO;
				CLANG_ANALYZER_LOCALIZABILITY_NONLOCALIZED = YES;
				CLANG_ANALYZER_NONNULL = YES;
				CLANG_ANALYZER_NUMBER_OBJECT_CONVERSION = YES_AGGRESSIVE;
				CLANG_CXX_LANGUAGE_STANDARD = "gnu++20";
				CLANG_ENABLE_MODULES = YES;
				CLANG_ENABLE_OBJC_ARC = YES;
				CLANG_ENABLE_OBJC_WEAK = YES;
				CLANG_WARN_BLOCK_CAPTURE_AUTORELEASING = YES;
				CLANG_WARN_BOOL_CONVERSION = YES;
				CLANG_WARN_COMMA = YES;
				CLANG_WARN_CONSTANT_CONVERSION = YES;
				CLANG_WARN_DEPRECATED_OBJC_IMPLEMENTATIONS = YES;
				CLANG_WARN_DIRECT_OBJC_ISA_USAGE = YES_ERROR;
				CLANG_WARN_DOCUMENTATION_COMMENTS = YES;
				CLANG_WARN_EMPTY_BODY = YES;
				CLANG_WARN_ENUM_CONVERSION = YES;
				CLANG_WARN_INFINITE_RECURSION = YES;
				CLANG_WARN_INT_CONVERSION = YES;
				CLANG_WARN_NON_LITERAL_NULL_CONVERSION = YES;
				CLANG_WARN_OBJC_IMPLICIT_RETAIN_SELF = YES;
				CLANG_WARN_OBJC_LITERAL_CONVERSION = YES;
				CLANG_WARN_OBJC_ROOT_CLASS = YES_ERROR;
				CLANG_WARN_QUOTED_INCLUDE_IN_FRAMEWORK_HEADER = YES;
				CLANG_WARN_RANGE_LOOP_ANALYSIS = YES;
				CLANG_WARN_STRICT_PROTOTYPES = YES;
				CLANG_WARN_SUSPICIOUS_MOVE = YES;
				CLANG_WARN_UNGUARDED_AVAILABILITY = YES_AGGRESSIVE;
				CLANG_WARN_UNREACHABLE_CODE = YES;
				CLANG_WARN__DUPLICATE_METHOD_MATCH = YES;
				COPY_PHASE_STRIP = NO;
				DEBUG_INFORMATION_FORMAT = dwarf;
				ENABLE_STRICT_OBJC_MSGSEND = YES;
				ENABLE_TESTABILITY = YES;
				GCC_C_LANGUAGE_STANDARD = gnu11;
				GCC_DYNAMIC_NO_PIC = NO;
				GCC_NO_COMMON_BLOCKS = YES;
				GCC_OPTIMIZATION_LEVEL = 0;
				GCC_PREPROCESSOR_DEFINITIONS = (
					"DEBUG=1",
					"$(inherited)",
				);
				GCC_WARN_64_TO_32_BIT_CONVERSION = YES;
				GCC_WARN_ABOUT_RETURN_TYPE = YES_ERROR;
				GCC_WARN_UNDECLARED_SELECTOR = YES;
				GCC_WARN_UNINITIALIZED_AUTOS = YES_AGGRESSIVE;
				GCC_WARN_UNUSED_FUNCTION = YES;
				GCC_WARN_UNUSED_VARIABLE = YES;
				IPHONEOS_DEPLOYMENT_TARGET = 16.2;
				MTL_ENABLE_DEBUG_INFO = INCLUDE_SOURCE;
				MTL_FAST_MATH = YES;
				ONLY_ACTIVE_ARCH = YES;
				SDKROOT = iphoneos;
				SWIFT_ACTIVE_COMPILATION_CONDITIONS = DEBUG;
				SWIFT_OPTIMIZATION_LEVEL = "-Onone";
			};
			name = Debug;
		};
		54ABFA382A97622D00A29A83 /* Release */ = {
			isa = XCBuildConfiguration;
			buildSettings = {
				ALWAYS_SEARCH_USER_PATHS = NO;
				CLANG_ANALYZER_LOCALIZABILITY_NONLOCALIZED = YES;
				CLANG_ANALYZER_NONNULL = YES;
				CLANG_ANALYZER_NUMBER_OBJECT_CONVERSION = YES_AGGRESSIVE;
				CLANG_CXX_LANGUAGE_STANDARD = "gnu++20";
				CLANG_ENABLE_MODULES = YES;
				CLANG_ENABLE_OBJC_ARC = YES;
				CLANG_ENABLE_OBJC_WEAK = YES;
				CLANG_WARN_BLOCK_CAPTURE_AUTORELEASING = YES;
				CLANG_WARN_BOOL_CONVERSION = YES;
				CLANG_WARN_COMMA = YES;
				CLANG_WARN_CONSTANT_CONVERSION = YES;
				CLANG_WARN_DEPRECATED_OBJC_IMPLEMENTATIONS = YES;
				CLANG_WARN_DIRECT_OBJC_ISA_USAGE = YES_ERROR;
				CLANG_WARN_DOCUMENTATION_COMMENTS = YES;
				CLANG_WARN_EMPTY_BODY = YES;
				CLANG_WARN_ENUM_CONVERSION = YES;
				CLANG_WARN_INFINITE_RECURSION = YES;
				CLANG_WARN_INT_CONVERSION = YES;
				CLANG_WARN_NON_LITERAL_NULL_CONVERSION = YES;
				CLANG_WARN_OBJC_IMPLICIT_RETAIN_SELF = YES;
				CLANG_WARN_OBJC_LITERAL_CONVERSION = YES;
				CLANG_WARN_OBJC_ROOT_CLASS = YES_ERROR;
				CLANG_WARN_QUOTED_INCLUDE_IN_FRAMEWORK_HEADER = YES;
				CLANG_WARN_RANGE_LOOP_ANALYSIS = YES;
				CLANG_WARN_STRICT_PROTOTYPES = YES;
				CLANG_WARN_SUSPICIOUS_MOVE = YES;
				CLANG_WARN_UNGUARDED_AVAILABILITY = YES_AGGRESSIVE;
				CLANG_WARN_UNREACHABLE_CODE = YES;
				CLANG_WARN__DUPLICATE_METHOD_MATCH = YES;
				COPY_PHASE_STRIP = NO;
				DEBUG_INFORMATION_FORMAT = "dwarf-with-dsym";
				ENABLE_NS_ASSERTIONS = NO;
				ENABLE_STRICT_OBJC_MSGSEND = YES;
				GCC_C_LANGUAGE_STANDARD = gnu11;
				GCC_NO_COMMON_BLOCKS = YES;
				GCC_WARN_64_TO_32_BIT_CONVERSION = YES;
				GCC_WARN_ABOUT_RETURN_TYPE = YES_ERROR;
				GCC_WARN_UNDECLARED_SELECTOR = YES;
				GCC_WARN_UNINITIALIZED_AUTOS = YES_AGGRESSIVE;
				GCC_WARN_UNUSED_FUNCTION = YES;
				GCC_WARN_UNUSED_VARIABLE = YES;
				IPHONEOS_DEPLOYMENT_TARGET = 16.2;
				MTL_ENABLE_DEBUG_INFO = NO;
				MTL_FAST_MATH = YES;
				SDKROOT = iphoneos;
				SWIFT_COMPILATION_MODE = wholemodule;
				SWIFT_OPTIMIZATION_LEVEL = "-O";
				VALIDATE_PRODUCT = YES;
			};
			name = Release;
		};
		54ABFA3A2A97622D00A29A83 /* Debug */ = {
			isa = XCBuildConfiguration;
			buildSettings = {
				ASSETCATALOG_COMPILER_APPICON_NAME = AppIcon;
				ASSETCATALOG_COMPILER_GLOBAL_ACCENT_COLOR_NAME = AccentColor;
				CODE_SIGN_STYLE = Automatic;
				CURRENT_PROJECT_VERSION = 1;
				DEVELOPMENT_TEAM = ZVPH8XWMVB;
				GENERATE_INFOPLIST_FILE = YES;
				INFOPLIST_FILE = "rick-and-morty-api/Info.plist";
				INFOPLIST_KEY_CFBundleDisplayName = "Rick and Morty Catalog";
				INFOPLIST_KEY_UIApplicationSupportsIndirectInputEvents = YES;
				INFOPLIST_KEY_UILaunchStoryboardName = LaunchScreen;
				INFOPLIST_KEY_UIMainStoryboardFile = "";
				INFOPLIST_KEY_UISupportedInterfaceOrientations_iPad = "UIInterfaceOrientationPortrait UIInterfaceOrientationPortraitUpsideDown UIInterfaceOrientationLandscapeLeft UIInterfaceOrientationLandscapeRight";
				INFOPLIST_KEY_UISupportedInterfaceOrientations_iPhone = "UIInterfaceOrientationPortrait UIInterfaceOrientationLandscapeLeft UIInterfaceOrientationLandscapeRight";
				LD_RUNPATH_SEARCH_PATHS = (
					"$(inherited)",
					"@executable_path/Frameworks",
				);
				MARKETING_VERSION = 1.0;
				PRODUCT_BUNDLE_IDENTIFIER = "gmrtins.rick-and-morty-api";
				PRODUCT_NAME = "$(TARGET_NAME)";
				SWIFT_EMIT_LOC_STRINGS = YES;
				SWIFT_VERSION = 5.0;
				TARGETED_DEVICE_FAMILY = "1,2";
			};
			name = Debug;
		};
		54ABFA3B2A97622D00A29A83 /* Release */ = {
			isa = XCBuildConfiguration;
			buildSettings = {
				ASSETCATALOG_COMPILER_APPICON_NAME = AppIcon;
				ASSETCATALOG_COMPILER_GLOBAL_ACCENT_COLOR_NAME = AccentColor;
				CODE_SIGN_STYLE = Automatic;
				CURRENT_PROJECT_VERSION = 1;
				DEVELOPMENT_TEAM = ZVPH8XWMVB;
				GENERATE_INFOPLIST_FILE = YES;
				INFOPLIST_FILE = "rick-and-morty-api/Info.plist";
				INFOPLIST_KEY_CFBundleDisplayName = "Rick and Morty Catalog";
				INFOPLIST_KEY_UIApplicationSupportsIndirectInputEvents = YES;
				INFOPLIST_KEY_UILaunchStoryboardName = LaunchScreen;
				INFOPLIST_KEY_UIMainStoryboardFile = "";
				INFOPLIST_KEY_UISupportedInterfaceOrientations_iPad = "UIInterfaceOrientationPortrait UIInterfaceOrientationPortraitUpsideDown UIInterfaceOrientationLandscapeLeft UIInterfaceOrientationLandscapeRight";
				INFOPLIST_KEY_UISupportedInterfaceOrientations_iPhone = "UIInterfaceOrientationPortrait UIInterfaceOrientationLandscapeLeft UIInterfaceOrientationLandscapeRight";
				LD_RUNPATH_SEARCH_PATHS = (
					"$(inherited)",
					"@executable_path/Frameworks",
				);
				MARKETING_VERSION = 1.0;
				PRODUCT_BUNDLE_IDENTIFIER = "gmrtins.rick-and-morty-api";
				PRODUCT_NAME = "$(TARGET_NAME)";
				SWIFT_EMIT_LOC_STRINGS = YES;
				SWIFT_VERSION = 5.0;
				TARGETED_DEVICE_FAMILY = "1,2";
			};
			name = Release;
		};
/* End XCBuildConfiguration section */

/* Begin XCConfigurationList section */
		54ABFA202A97622C00A29A83 /* Build configuration list for PBXProject "rick-and-morty-api" */ = {
			isa = XCConfigurationList;
			buildConfigurations = (
				54ABFA372A97622D00A29A83 /* Debug */,
				54ABFA382A97622D00A29A83 /* Release */,
			);
			defaultConfigurationIsVisible = 0;
			defaultConfigurationName = Release;
		};
		54ABFA392A97622D00A29A83 /* Build configuration list for PBXNativeTarget "rick-and-morty-api" */ = {
			isa = XCConfigurationList;
			buildConfigurations = (
				54ABFA3A2A97622D00A29A83 /* Debug */,
				54ABFA3B2A97622D00A29A83 /* Release */,
			);
			defaultConfigurationIsVisible = 0;
			defaultConfigurationName = Release;
		};
/* End XCConfigurationList section */

/* Begin XCRemoteSwiftPackageReference section */
		5411C0AA2A97A6F200A86A6A /* XCRemoteSwiftPackageReference "SnapKit" */ = {
			isa = XCRemoteSwiftPackageReference;
			repositoryURL = "https://github.com/SnapKit/SnapKit.git";
			requirement = {
				kind = upToNextMajorVersion;
				minimumVersion = 5.0.1;
			};
		};
		5427D6AD2A98BAD200BD83E5 /* XCRemoteSwiftPackageReference "SDWebImage" */ = {
			isa = XCRemoteSwiftPackageReference;
			repositoryURL = "https://github.com/SDWebImage/SDWebImage.git";
			requirement = {
				kind = upToNextMajorVersion;
				minimumVersion = 5.1.0;
			};
		};
/* End XCRemoteSwiftPackageReference section */

/* Begin XCSwiftPackageProductDependency section */
		5411C0AB2A97A6F200A86A6A /* SnapKit */ = {
			isa = XCSwiftPackageProductDependency;
			package = 5411C0AA2A97A6F200A86A6A /* XCRemoteSwiftPackageReference "SnapKit" */;
			productName = SnapKit;
		};
		5427D6AE2A98BAD200BD83E5 /* SDWebImage */ = {
			isa = XCSwiftPackageProductDependency;
			package = 5427D6AD2A98BAD200BD83E5 /* XCRemoteSwiftPackageReference "SDWebImage" */;
			productName = SDWebImage;
		};
/* End XCSwiftPackageProductDependency section */
	};
	rootObject = 54ABFA1D2A97622C00A29A83 /* Project object */;
}
